# This file is generated by craft.
version = 1
manifest = "Craft.toml"
manifest-digest = "fnv1a64:90fae86ad7647088"

[[package]]
id = "coolpotos_kern 0.1.0 root"
name = "coolpotos_kern"
version = "0.1.0"
source = "root"
manifest = "Craft.toml"
manifest-digest = "fnv1a64:90fae86ad7647088"

[[package-target]]
package = "coolpotos_kern 0.1.0 root"
kind = "bin"
name = "coolpotos_kern"
root = "src/main.rn"

[[package-resource]]
package = "coolpotos_kern 0.1.0 root"
name = "limine"
source = "git"
source-value = "https://github.com/limine-bootloader/Limine.git"
source-locator = "https://github.com/limine-bootloader/Limine.git"
source-selector = "tag:v11.4.0-binary"

[[external-package]]
id = "mkarchive path:mkarchive"
name = "mkarchive"
source = "path"
source-value = "mkarchive"

[[external-package]]
id = "mkiso path:mkiso"
name = "mkiso"
source = "path"
source-value = "mkiso"

[[dependency]]
from = "coolpotos_kern 0.1.0 root"
kind = "build"
name = "mkarchive"
package = "mkarchive"
target = "external"
target-id = "mkarchive path:mkarchive"

[[dependency]]
from = "coolpotos_kern 0.1.0 root"
kind = "build"
name = "mkiso"
package = "mkiso"
target = "external"
target-id = "mkiso path:mkiso"
