# This file is generated by craft.
version = 1
manifest = "Craft.toml"
manifest-digest = "fnv1a64:d286b4e6608f4200"

[[package]]
id = "mkarchive 0.1.0 root"
name = "mkarchive"
version = "0.1.0"
source = "root"
manifest = "Craft.toml"
manifest-digest = "fnv1a64:d286b4e6608f4200"

[[package-target]]
package = "mkarchive 0.1.0 root"
kind = "bin"
name = "mkarchive"
root = "src/main.rn"
