# This file is generated by craft.
version = 1
manifest = "Craft.toml"
manifest-digest = "fnv1a64:d2a46d950fdbe06f"

[[package]]
id = "mkiso 0.1.0 root"
name = "mkiso"
version = "0.1.0"
source = "root"
manifest = "Craft.toml"
manifest-digest = "fnv1a64:d2a46d950fdbe06f"

[[package-target]]
package = "mkiso 0.1.0 root"
kind = "bin"
name = "mkiso"
root = "src/main.rn"
